<?xml version="1.0" encoding="utf-8"?>
<Project ToolsVersion="4.0" xmlns="http://schemas.microsoft.com/developer/msbuild/2003">
  <ItemGroup>
    <None Include="packages.config" />
    <None Include="Plasma\packages.config">
      <Filter>Game</Filter>
    </None>
    <None Include="Plasma\Library\TiledLibrary\RapidXML\manual.html">
      <Filter>Library</Filter>
    </None>
  </ItemGroup>
  <ItemGroup>
    <Filter Include="Engine">
      <UniqueIdentifier>{342036d2-ba20-466e-bc94-9e09530e8ac0}</UniqueIdentifier>
    </Filter>
    <Filter Include="Game">
      <UniqueIdentifier>{0f8a6a9a-b6c0-406c-aa04-2b48561302bd}</UniqueIdentifier>
    </Filter>
    <Filter Include="Includes">
      <UniqueIdentifier>{afb575ee-82f8-4fbf-9b43-91375f041aa5}</UniqueIdentifier>
    </Filter>
    <Filter Include="Library">
      <UniqueIdentifier>{164c7fdd-f5b5-45ce-8e46-1d116db61680}</UniqueIdentifier>
    </Filter>
    <Filter Include="Tests">
      <UniqueIdentifier>{0952db00-18c5-477e-bb37-ff8ed90bf2a0}</UniqueIdentifier>
    </Filter>
  </ItemGroup>
  <ItemGroup>
    <ClCompile Include="Plasma\CapybaraAI.cpp">
      <Filter>Game</Filter>
    </ClCompile>
    <ClCompile Include="Plasma\FoodSpawner.cpp">
      <Filter>Game</Filter>
    </ClCompile>
    <ClCompile Include="Plasma\LockComponent.cpp">
      <Filter>Game</Filter>
    </ClCompile>
    <ClCompile Include="Plasma\main.cpp">
      <Filter>Game</Filter>
    </ClCompile>
    <ClCompile Include="Plasma\TargetMouseComponent.cpp">
      <Filter>Game</Filter>
    </ClCompile>
    <ClCompile Include="Plasma\WalkComponent.cpp">
      <Filter>Game</Filter>
    </ClCompile>
    <ClCompile Include="Plasma\WarpComponent.cpp">
      <Filter>Game</Filter>
    </ClCompile>
    <ClCompile Include="Plasma\Engine\Input.cpp">
      <Filter>Engine</Filter>
    </ClCompile>
    <ClCompile Include="Plasma\Engine\Object.cpp">
      <Filter>Engine</Filter>
    </ClCompile>
    <ClCompile Include="Plasma\Engine\Resources.cpp">
      <Filter>Engine</Filter>
    </ClCompile>
    <ClCompile Include="Plasma\Engine\Scene.cpp">
      <Filter>Engine</Filter>
    </ClCompile>
    <ClCompile Include="Plasma\Engine\Vector2 OLD.cpp">
      <Filter>Engine</Filter>
    </ClCompile>
    <ClCompile Include="Plasma\Engine\Window.cpp">
      <Filter>Engine</Filter>
    </ClCompile>
    <ClCompile Include="Plasma\Engine\AABB.cpp">
      <Filter>Engine</Filter>
    </ClCompile>
    <ClCompile Include="Plasma\Engine\App.cpp">
      <Filter>Engine</Filter>
    </ClCompile>
    <ClCompile Include="Plasma\Engine\Component.cpp">
      <Filter>Engine</Filter>
    </ClCompile>
    <ClCompile Include="Plasma\Engine\GameObject.cpp">
      <Filter>Engine</Filter>
    </ClCompile>
    <ClCompile Include="Plasma\Engine\Components\BoxColliderComponent.cpp">
      <Filter>Engine</Filter>
    </ClCompile>
    <ClCompile Include="Plasma\Engine\Components\CharacterControllerComponent.cpp">
      <Filter>Engine</Filter>
    </ClCompile>
    <ClCompile Include="Plasma\Engine\Components\SpriteComponent.cpp">
      <Filter>Engine</Filter>
    </ClCompile>
    <ClCompile Include="Plasma\Engine\Render\Font.cpp">
      <Filter>Engine</Filter>
    </ClCompile>
    <ClCompile Include="Plasma\Engine\Render\Renderer.cpp">
      <Filter>Engine</Filter>
    </ClCompile>
    <ClCompile Include="Plasma\Engine\Render\Renderers.cpp">
      <Filter>Engine</Filter>
    </ClCompile>
    <ClCompile Include="Plasma\Engine\Render\Shader.cpp">
      <Filter>Engine</Filter>
    </ClCompile>
    <ClCompile Include="Plasma\Engine\Render\SpriteRenderer.cpp">
      <Filter>Engine</Filter>
    </ClCompile>
    <ClCompile Include="Plasma\Engine\Render\Text.cpp">
      <Filter>Engine</Filter>
    </ClCompile>
    <ClCompile Include="Plasma\Engine\Render\TextRenderer.cpp">
      <Filter>Engine</Filter>
    </ClCompile>
    <ClCompile Include="Plasma\Engine\Render\Texture2D.cpp">
      <Filter>Engine</Filter>
    </ClCompile>
    <ClCompile Include="Plasma\Engine\Render\TilemapRenderer.cpp">
      <Filter>Engine</Filter>
    </ClCompile>
    <ClCompile Include="Plasma\Engine\Tilemaps\Tile.cpp">
      <Filter>Engine</Filter>
    </ClCompile>
    <ClCompile Include="Plasma\Engine\Tilemaps\TileLayer.cpp">
      <Filter>Engine</Filter>
    </ClCompile>
    <ClCompile Include="Plasma\Engine\Tilemaps\Tilemap.cpp">
      <Filter>Engine</Filter>
    </ClCompile>
    <ClCompile Include="Plasma\Engine\Tilemaps\TilemapColliderComponent.cpp">
      <Filter>Engine</Filter>
    </ClCompile>
    <ClCompile Include="Plasma\Engine\Tilemaps\TilemapComponent.cpp">
      <Filter>Engine</Filter>
    </ClCompile>
    <ClCompile Include="Plasma\Engine\Tilemaps\TileRender.cpp">
      <Filter>Engine</Filter>
    </ClCompile>
    <ClCompile Include="Plasma\Engine\Tilemaps\Tileset.cpp">
      <Filter>Engine</Filter>
    </ClCompile>
    <ClCompile Include="Plasma\Engine\UI\TextboxComponent.cpp">
      <Filter>Engine</Filter>
    </ClCompile>
    <ClCompile Include="Plasma\Engine\Audio\AudioBuffer.cpp">
      <Filter>Engine</Filter>
    </ClCompile>
    <ClCompile Include="Plasma\Engine\Audio\AudioListener.cpp">
      <Filter>Engine</Filter>
    </ClCompile>
    <ClCompile Include="Plasma\Engine\Audio\AudioScene.cpp">
      <Filter>Engine</Filter>
    </ClCompile>
    <ClCompile Include="Plasma\Engine\Audio\AudioSource.cpp">
      <Filter>Engine</Filter>
    </ClCompile>
    <ClCompile Include="Plasma\Engine\Audio\AudioSourceComponent.cpp">
      <Filter>Engine</Filter>
    </ClCompile>
    <ClCompile Include="Plasma\Library\glad.c">
      <Filter>Library</Filter>
    </ClCompile>
    <ClCompile Include="Plasma\Library\TiledLibrary\TiledLayer.cpp">
      <Filter>Library</Filter>
    </ClCompile>
    <ClCompile Include="Plasma\Library\TiledLibrary\TiledLoader.cpp">
      <Filter>Library</Filter>
    </ClCompile>
    <ClCompile Include="Plasma\Library\TiledLibrary\TiledMap.cpp">
      <Filter>Library</Filter>
    </ClCompile>
    <ClCompile Include="Plasma\Library\TiledLibrary\TiledSet.cpp">
      <Filter>Library</Filter>
    </ClCompile>
    <ClCompile Include="Plasma\Library\TiledLibrary\TiledTile.cpp">
      <Filter>Library</Filter>
    </ClCompile>
  </ItemGroup>
  <ItemGroup>
    <ClInclude Include="Plasma\CapybaraAI.h">
      <Filter>Game</Filter>
    </ClInclude>
    <ClInclude Include="Plasma\FoodSpawner.h">
      <Filter>Game</Filter>
    </ClInclude>
    <ClInclude Include="Plasma\LockComponent.h">
      <Filter>Game</Filter>
    </ClInclude>
    <ClInclude Include="Plasma\TargetMouseComponent.h">
      <Filter>Game</Filter>
    </ClInclude>
    <ClInclude Include="Plasma\WalkComponent.h">
      <Filter>Game</Filter>
    </ClInclude>
    <ClInclude Include="Plasma\WarpComponent.h">
      <Filter>Game</Filter>
    </ClInclude>
    <ClInclude Include="Plasma\Include\Tilemaps.h">
      <Filter>Includes</Filter>
    </ClInclude>
    <ClInclude Include="Plasma\Include\UI.h">
      <Filter>Includes</Filter>
    </ClInclude>
    <ClInclude Include="Plasma\Include\All.h">
      <Filter>Includes</Filter>
    </ClInclude>
    <ClInclude Include="Plasma\Include\Audio.h">
      <Filter>Includes</Filter>
    </ClInclude>
    <ClInclude Include="Plasma\Include\Components.h">
      <Filter>Includes</Filter>
    </ClInclude>
    <ClInclude Include="Plasma\Include\Core.h">
      <Filter>Includes</Filter>
    </ClInclude>
    <ClInclude Include="Plasma\Include\Render.h">
      <Filter>Includes</Filter>
    </ClInclude>
    <ClInclude Include="Plasma\Engine\GameObject.h">
      <Filter>Engine</Filter>
    </ClInclude>
    <ClInclude Include="Plasma\Engine\Input.h">
      <Filter>Engine</Filter>
    </ClInclude>
    <ClInclude Include="Plasma\Engine\Object.h">
      <Filter>Engine</Filter>
    </ClInclude>
    <ClInclude Include="Plasma\Engine\Resource.h">
      <Filter>Engine</Filter>
    </ClInclude>
    <ClInclude Include="Plasma\Engine\Resources.h">
      <Filter>Engine</Filter>
    </ClInclude>
    <ClInclude Include="Plasma\Engine\Scene.h">
      <Filter>Engine</Filter>
    </ClInclude>
    <ClInclude Include="Plasma\Engine\Vector.h">
      <Filter>Engine</Filter>
    </ClInclude>
    <ClInclude Include="Plasma\Engine\Vector2 OLD.h">
      <Filter>Engine</Filter>
    </ClInclude>
    <ClInclude Include="Plasma\Engine\Window.h">
      <Filter>Engine</Filter>
    </ClInclude>
    <ClInclude Include="Plasma\Engine\AABB.h">
      <Filter>Engine</Filter>
    </ClInclude>
    <ClInclude Include="Plasma\Engine\App.h">
      <Filter>Engine</Filter>
    </ClInclude>
    <ClInclude Include="Plasma\Engine\Component.h">
      <Filter>Engine</Filter>
    </ClInclude>
    <ClInclude Include="Plasma\Engine\Dispatcher.h">
      <Filter>Engine</Filter>
    </ClInclude>
    <ClInclude Include="Plasma\Engine\Event.h">
      <Filter>Engine</Filter>
    </ClInclude>
    <ClInclude Include="Plasma\Engine\FiniteStateMachine.h">
      <Filter>Engine</Filter>
    </ClInclude>
    <ClInclude Include="Plasma\Engine\Components\AnimatedSprite.h">
      <Filter>Engine</Filter>
    </ClInclude>
    <ClInclude Include="Plasma\Engine\Components\BoxColliderComponent.h">
      <Filter>Engine</Filter>
    </ClInclude>
    <ClInclude Include="Plasma\Engine\Components\CharacterControllerComponent.h">
      <Filter>Engine</Filter>
    </ClInclude>
    <ClInclude Include="Plasma\Engine\Components\SpriteComponent.h">
      <Filter>Engine</Filter>
    </ClInclude>
    <ClInclude Include="Plasma\Engine\Render\Animation.h">
      <Filter>Engine</Filter>
    </ClInclude>
    <ClInclude Include="Plasma\Engine\Render\Font.h">
      <Filter>Engine</Filter>
    </ClInclude>
    <ClInclude Include="Plasma\Engine\Render\Renderable.h">
      <Filter>Engine</Filter>
    </ClInclude>
    <ClInclude Include="Plasma\Engine\Render\Renderer.h">
      <Filter>Engine</Filter>
    </ClInclude>
    <ClInclude Include="Plasma\Engine\Render\Renderers.h">
      <Filter>Engine</Filter>
    </ClInclude>
    <ClInclude Include="Plasma\Engine\Render\Shader.h">
      <Filter>Engine</Filter>
    </ClInclude>
    <ClInclude Include="Plasma\Engine\Render\SpriteRenderer.h">
      <Filter>Engine</Filter>
    </ClInclude>
    <ClInclude Include="Plasma\Engine\Render\Text.h">
      <Filter>Engine</Filter>
    </ClInclude>
    <ClInclude Include="Plasma\Engine\Render\TextRenderer.h">
      <Filter>Engine</Filter>
    </ClInclude>
    <ClInclude Include="Plasma\Engine\Render\Texture2D.h">
      <Filter>Engine</Filter>
    </ClInclude>
    <ClInclude Include="Plasma\Engine\Render\TilemapRenderer.h">
      <Filter>Engine</Filter>
    </ClInclude>
    <ClInclude Include="Plasma\Engine\Tilemaps\Tile.h">
      <Filter>Engine</Filter>
    </ClInclude>
    <ClInclude Include="Plasma\Engine\Tilemaps\TileLayer.h">
      <Filter>Engine</Filter>
    </ClInclude>
    <ClInclude Include="Plasma\Engine\Tilemaps\Tilemap.h">
      <Filter>Engine</Filter>
    </ClInclude>
    <ClInclude Include="Plasma\Engine\Tilemaps\TilemapColliderComponent.h">
      <Filter>Engine</Filter>
    </ClInclude>
    <ClInclude Include="Plasma\Engine\Tilemaps\TilemapComponent.h">
      <Filter>Engine</Filter>
    </ClInclude>
    <ClInclude Include="Plasma\Engine\Tilemaps\TileRender.h">
      <Filter>Engine</Filter>
    </ClInclude>
    <ClInclude Include="Plasma\Engine\Tilemaps\Tileset.h">
      <Filter>Engine</Filter>
    </ClInclude>
    <ClInclude Include="Plasma\Engine\UI\TextboxComponent.h">
      <Filter>Engine</Filter>
    </ClInclude>
    <ClInclude Include="Plasma\Engine\Audio\AudioBuffer.h">
      <Filter>Engine</Filter>
    </ClInclude>
    <ClInclude Include="Plasma\Engine\Audio\AudioListener.h">
      <Filter>Engine</Filter>
    </ClInclude>
    <ClInclude Include="Plasma\Engine\Audio\AudioScene.h">
      <Filter>Engine</Filter>
    </ClInclude>
    <ClInclude Include="Plasma\Engine\Audio\AudioSource.h">
      <Filter>Engine</Filter>
    </ClInclude>
    <ClInclude Include="Plasma\Engine\Audio\AudioSourceComponent.h">
      <Filter>Engine</Filter>
    </ClInclude>
    <ClInclude Include="Plasma\Engine\Audio\Wav.h">
      <Filter>Engine</Filter>
    </ClInclude>
    <ClInclude Include="Plasma\Library\AudioFile.h">
      <Filter>Library</Filter>
    </ClInclude>
    <ClInclude Include="Plasma\Library\glad.h">
      <Filter>Library</Filter>
    </ClInclude>
    <ClInclude Include="Plasma\Library\khrplatform.h">
      <Filter>Library</Filter>
    </ClInclude>
    <ClInclude Include="Plasma\Library\stb_image.h">
      <Filter>Library</Filter>
    </ClInclude>
    <ClInclude Include="Plasma\Library\TiledLibrary\RapidXML\rapidxml.hpp">
      <Filter>Library</Filter>
    </ClInclude>
    <ClInclude Include="Plasma\Library\TiledLibrary\RapidXML\rapidxml_iterators.hpp">
      <Filter>Library</Filter>
    </ClInclude>
    <ClInclude Include="Plasma\Library\TiledLibrary\RapidXML\rapidxml_print.hpp">
      <Filter>Library</Filter>
    </ClInclude>
    <ClInclude Include="Plasma\Library\TiledLibrary\RapidXML\rapidxml_utils.hpp">
      <Filter>Library</Filter>
    </ClInclude>
    <ClInclude Include="Plasma\Library\TiledLibrary\TiledLayer.h">
      <Filter>Library</Filter>
    </ClInclude>
    <ClInclude Include="Plasma\Library\TiledLibrary\TiledLoader.h">
      <Filter>Library</Filter>
    </ClInclude>
    <ClInclude Include="Plasma\Library\TiledLibrary\TiledMap.h">
      <Filter>Library</Filter>
    </ClInclude>
    <ClInclude Include="Plasma\Library\TiledLibrary\TiledSet.h">
      <Filter>Library</Filter>
    </ClInclude>
    <ClInclude Include="Plasma\Library\TiledLibrary\TiledTile.h">
      <Filter>Library</Filter>
    </ClInclude>
    <ClInclude Include="Plasma\Library\OpenAL\AL\al.h">
      <Filter>Library</Filter>
    </ClInclude>
    <ClInclude Include="Plasma\Library\OpenAL\AL\alc.h">
      <Filter>Library</Filter>
    </ClInclude>
    <ClInclude Include="Plasma\Library\OpenAL\AL\alext.h">
      <Filter>Library</Filter>
    </ClInclude>
    <ClInclude Include="Plasma\Library\OpenAL\AL\efx-creative.h">
      <Filter>Library</Filter>
    </ClInclude>
    <ClInclude Include="Plasma\Library\OpenAL\AL\efx-presets.h">
      <Filter>Library</Filter>
    </ClInclude>
    <ClInclude Include="Plasma\Library\OpenAL\AL\efx.h">
      <Filter>Library</Filter>
    </ClInclude>
    <ClInclude Include="Plasma\Library\OpenGL.h">
      <Filter>Library</Filter>
    </ClInclude>
    <ClInclude Include="Plasma\Tests\VectorTest.h">
      <Filter>Tests</Filter>
    </ClInclude>
  </ItemGroup>
</Project>