<?xml version="1.0" encoding="utf-8"?>
<Project ToolsVersion="4.0" xmlns="http://schemas.microsoft.com/developer/msbuild/2003">
  <ItemGroup>
    <Filter Include="Library">
      <UniqueIdentifier>{86ba6649-9131-4e66-8849-1b8e0d915cef}</UniqueIdentifier>
    </Filter>
    <Filter Include="Engine">
      <UniqueIdentifier>{13704bb7-ffa1-4cfe-a7ed-b0bf251b553a}</UniqueIdentifier>
    </Filter>
    <Filter Include="Game Files">
      <UniqueIdentifier>{b345736a-c0c7-43c8-8300-967b1ec8e60d}</UniqueIdentifier>
    </Filter>
    <Filter Include="Engine\Components">
      <UniqueIdentifier>{562b4972-8c1f-4756-b484-24cf312640fd}</UniqueIdentifier>
    </Filter>
    <Filter Include="Library\TiledLibrary">
      <UniqueIdentifier>{363597ac-3b52-4c69-9913-fc21754ef5ef}</UniqueIdentifier>
    </Filter>
    <Filter Include="Engine\Tilemaps">
      <UniqueIdentifier>{de37f00b-ddb1-4968-9ca0-f10614cfea00}</UniqueIdentifier>
    </Filter>
    <Filter Include="Engine\Render">
      <UniqueIdentifier>{531c5ad7-d668-4903-beb0-3d9e40d4f885}</UniqueIdentifier>
    </Filter>
    <Filter Include="Engine\Audio">
      <UniqueIdentifier>{04be00be-2b13-4c4a-b163-7b880cd16f04}</UniqueIdentifier>
    </Filter>
    <Filter Include="Library\OpenAL">
      <UniqueIdentifier>{51efa8e5-908e-43b2-99d6-dd5333005898}</UniqueIdentifier>
    </Filter>
    <Filter Include="Engine\UI">
      <UniqueIdentifier>{40bf3fa0-866f-4e69-916c-fe9bad77f25e}</UniqueIdentifier>
    </Filter>
  </ItemGroup>
  <ItemGroup>
    <ClCompile Include="Library\glad.c">
      <Filter>Library</Filter>
    </ClCompile>
    <ClCompile Include="Library\TiledLibrary\TiledLayer.cpp">
      <Filter>Library\TiledLibrary</Filter>
    </ClCompile>
    <ClCompile Include="Library\TiledLibrary\TiledLoader.cpp">
      <Filter>Library\TiledLibrary</Filter>
    </ClCompile>
    <ClCompile Include="Library\TiledLibrary\TiledMap.cpp">
      <Filter>Library\TiledLibrary</Filter>
    </ClCompile>
    <ClCompile Include="Library\TiledLibrary\TiledSet.cpp">
      <Filter>Library\TiledLibrary</Filter>
    </ClCompile>
    <ClCompile Include="Library\TiledLibrary\TiledTile.cpp">
      <Filter>Library\TiledLibrary</Filter>
    </ClCompile>
    <ClCompile Include="Engine\Components\BoxColliderComponent.cpp">
      <Filter>Engine\Components</Filter>
    </ClCompile>
    <ClCompile Include="Engine\Components\CharacterControllerComponent.cpp">
      <Filter>Engine\Components</Filter>
    </ClCompile>
    <ClCompile Include="Engine\Components\SpriteComponent.cpp">
      <Filter>Engine\Components</Filter>
    </ClCompile>
    <ClCompile Include="Engine\Render\Font.cpp">
      <Filter>Engine\Render</Filter>
    </ClCompile>
    <ClCompile Include="Engine\Render\Renderer.cpp">
      <Filter>Engine\Render</Filter>
    </ClCompile>
    <ClCompile Include="Engine\Render\Renderers.cpp">
      <Filter>Engine\Render</Filter>
    </ClCompile>
    <ClCompile Include="Engine\Render\Shader.cpp">
      <Filter>Engine\Render</Filter>
    </ClCompile>
    <ClCompile Include="Engine\Render\SpriteRenderer.cpp">
      <Filter>Engine\Render</Filter>
    </ClCompile>
    <ClCompile Include="Engine\Render\TextRenderer.cpp">
      <Filter>Engine\Render</Filter>
    </ClCompile>
    <ClCompile Include="Engine\Render\Texture2D.cpp">
      <Filter>Engine\Render</Filter>
    </ClCompile>
    <ClCompile Include="Engine\Tilemaps\Tile.cpp">
      <Filter>Engine\Tilemaps</Filter>
    </ClCompile>
    <ClCompile Include="Engine\Tilemaps\TileLayer.cpp">
      <Filter>Engine\Tilemaps</Filter>
    </ClCompile>
    <ClCompile Include="Engine\Tilemaps\Tilemap.cpp">
      <Filter>Engine\Tilemaps</Filter>
    </ClCompile>
    <ClCompile Include="Engine\Tilemaps\TilemapColliderComponent.cpp">
      <Filter>Engine\Tilemaps</Filter>
    </ClCompile>
    <ClCompile Include="Engine\Tilemaps\TilemapComponent.cpp">
      <Filter>Engine\Tilemaps</Filter>
    </ClCompile>
    <ClCompile Include="Engine\Tilemaps\TileRender.cpp">
      <Filter>Engine\Tilemaps</Filter>
    </ClCompile>
    <ClCompile Include="Engine\Tilemaps\Tileset.cpp">
      <Filter>Engine\Tilemaps</Filter>
    </ClCompile>
    <ClCompile Include="Engine\UI\TextboxComponent.cpp">
      <Filter>Engine\UI</Filter>
    </ClCompile>
    <ClCompile Include="Engine\GameObject.cpp">
      <Filter>Engine</Filter>
    </ClCompile>
    <ClCompile Include="Engine\Input.cpp">
      <Filter>Engine</Filter>
    </ClCompile>
    <ClCompile Include="Engine\Object.cpp">
      <Filter>Engine</Filter>
    </ClCompile>
    <ClCompile Include="Engine\Resources.cpp">
      <Filter>Engine</Filter>
    </ClCompile>
    <ClCompile Include="Engine\Scene.cpp">
      <Filter>Engine</Filter>
    </ClCompile>
    <ClCompile Include="Engine\Vector2 OLD.cpp">
      <Filter>Engine</Filter>
    </ClCompile>
    <ClCompile Include="Engine\AABB.cpp">
      <Filter>Engine</Filter>
    </ClCompile>
    <ClCompile Include="Engine\App.cpp">
      <Filter>Engine</Filter>
    </ClCompile>
    <ClCompile Include="Engine\Component.cpp">
      <Filter>Engine</Filter>
    </ClCompile>
    <ClCompile Include="Engine\Render\TilemapRenderer.cpp">
      <Filter>Engine\Render</Filter>
    </ClCompile>
    <ClCompile Include="Engine\Audio\AudioSource.cpp">
      <Filter>Engine\Audio</Filter>
    </ClCompile>
    <ClCompile Include="Engine\Audio\AudioSourceComponent.cpp">
      <Filter>Engine\Audio</Filter>
    </ClCompile>
    <ClCompile Include="Engine\Audio\AudioBuffer.cpp">
      <Filter>Engine\Audio</Filter>
    </ClCompile>
    <ClCompile Include="Engine\Audio\AudioListener.cpp">
      <Filter>Engine\Audio</Filter>
    </ClCompile>
    <ClCompile Include="Engine\Audio\AudioScene.cpp">
      <Filter>Engine\Audio</Filter>
    </ClCompile>
    <ClCompile Include="Include\All.cpp" />
    <ClCompile Include="Engine\Window.cpp">
      <Filter>Engine</Filter>
    </ClCompile>
    <ClCompile Include="WarpComponent.cpp">
      <Filter>Game Files</Filter>
    </ClCompile>
    <ClCompile Include="main.cpp">
      <Filter>Game Files</Filter>
    </ClCompile>
    <ClCompile Include="WalkComponent.cpp">
      <Filter>Game Files</Filter>
    </ClCompile>
    <ClCompile Include="TargetMouseComponent.cpp">
      <Filter>Game Files</Filter>
    </ClCompile>
    <ClCompile Include="LockComponent.cpp">
      <Filter>Game Files</Filter>
    </ClCompile>
    <ClCompile Include="$(MSBuildThisFileDirectory)..\..\lib\native\src\lodepng.cpp">
      <Filter>Library</Filter>
    </ClCompile>
    <ClCompile Include="CapybaraAI.cpp">
      <Filter>Game Files</Filter>
    </ClCompile>
  </ItemGroup>
  <ItemGroup>
    <ClInclude Include="Library\glad.h">
      <Filter>Library</Filter>
    </ClInclude>
    <ClInclude Include="Library\khrplatform.h">
      <Filter>Library</Filter>
    </ClInclude>
    <ClInclude Include="Library\stb_image.h">
      <Filter>Library</Filter>
    </ClInclude>
    <ClInclude Include="Library\TiledLibrary\RapidXML\rapidxml.hpp">
      <Filter>Library\TiledLibrary</Filter>
    </ClInclude>
    <ClInclude Include="Library\TiledLibrary\RapidXML\rapidxml_iterators.hpp">
      <Filter>Library\TiledLibrary</Filter>
    </ClInclude>
    <ClInclude Include="Library\TiledLibrary\RapidXML\rapidxml_print.hpp">
      <Filter>Library\TiledLibrary</Filter>
    </ClInclude>
    <ClInclude Include="Library\TiledLibrary\RapidXML\rapidxml_utils.hpp">
      <Filter>Library\TiledLibrary</Filter>
    </ClInclude>
    <ClInclude Include="Library\TiledLibrary\TiledLayer.h">
      <Filter>Library\TiledLibrary</Filter>
    </ClInclude>
    <ClInclude Include="Library\TiledLibrary\TiledLoader.h">
      <Filter>Library\TiledLibrary</Filter>
    </ClInclude>
    <ClInclude Include="Library\TiledLibrary\TiledMap.h">
      <Filter>Library\TiledLibrary</Filter>
    </ClInclude>
    <ClInclude Include="Library\TiledLibrary\TiledSet.h">
      <Filter>Library\TiledLibrary</Filter>
    </ClInclude>
    <ClInclude Include="Library\TiledLibrary\TiledTile.h">
      <Filter>Library\TiledLibrary</Filter>
    </ClInclude>
    <ClInclude Include="Library\OpenAL\AL\al.h">
      <Filter>Library\OpenAL</Filter>
    </ClInclude>
    <ClInclude Include="Library\OpenAL\AL\alc.h">
      <Filter>Library\OpenAL</Filter>
    </ClInclude>
    <ClInclude Include="Library\OpenAL\AL\alext.h">
      <Filter>Library\OpenAL</Filter>
    </ClInclude>
    <ClInclude Include="Library\OpenAL\AL\efx-creative.h">
      <Filter>Library\OpenAL</Filter>
    </ClInclude>
    <ClInclude Include="Library\OpenAL\AL\efx-presets.h">
      <Filter>Library\OpenAL</Filter>
    </ClInclude>
    <ClInclude Include="Library\OpenAL\AL\efx.h">
      <Filter>Library\OpenAL</Filter>
    </ClInclude>
    <ClInclude Include="Engine\Audio\AudioBuffer.h">
      <Filter>Engine\Audio</Filter>
    </ClInclude>
    <ClInclude Include="Engine\Audio\AudioListener.h">
      <Filter>Engine\Audio</Filter>
    </ClInclude>
    <ClInclude Include="Engine\Audio\AudioScene.h">
      <Filter>Engine\Audio</Filter>
    </ClInclude>
    <ClInclude Include="Engine\Audio\AudioSource.h">
      <Filter>Engine\Audio</Filter>
    </ClInclude>
    <ClInclude Include="Engine\Audio\AudioSourceComponent.h">
      <Filter>Engine\Audio</Filter>
    </ClInclude>
    <ClInclude Include="Engine\Audio\Wav.h">
      <Filter>Engine\Audio</Filter>
    </ClInclude>
    <ClInclude Include="Engine\Components\BoxColliderComponent.h">
      <Filter>Engine\Components</Filter>
    </ClInclude>
    <ClInclude Include="Engine\Components\CharacterControllerComponent.h">
      <Filter>Engine\Components</Filter>
    </ClInclude>
    <ClInclude Include="Engine\Components\SpriteComponent.h">
      <Filter>Engine\Components</Filter>
    </ClInclude>
    <ClInclude Include="Engine\Render\Font.h">
      <Filter>Engine\Render</Filter>
    </ClInclude>
    <ClInclude Include="Engine\Render\Renderer.h">
      <Filter>Engine\Render</Filter>
    </ClInclude>
    <ClInclude Include="Engine\Render\Renderers.h">
      <Filter>Engine\Render</Filter>
    </ClInclude>
    <ClInclude Include="Engine\Render\Shader.h">
      <Filter>Engine\Render</Filter>
    </ClInclude>
    <ClInclude Include="Engine\Render\SpriteRenderer.h">
      <Filter>Engine\Render</Filter>
    </ClInclude>
    <ClInclude Include="Engine\Render\TextRenderer.h">
      <Filter>Engine\Render</Filter>
    </ClInclude>
    <ClInclude Include="Engine\Render\Texture2D.h">
      <Filter>Engine\Render</Filter>
    </ClInclude>
    <ClInclude Include="Engine\Tilemaps\Tile.h">
      <Filter>Engine\Tilemaps</Filter>
    </ClInclude>
    <ClInclude Include="Engine\Tilemaps\TileLayer.h">
      <Filter>Engine\Tilemaps</Filter>
    </ClInclude>
    <ClInclude Include="Engine\Tilemaps\Tilemap.h">
      <Filter>Engine\Tilemaps</Filter>
    </ClInclude>
    <ClInclude Include="Engine\Tilemaps\TilemapColliderComponent.h">
      <Filter>Engine\Tilemaps</Filter>
    </ClInclude>
    <ClInclude Include="Engine\Tilemaps\TilemapComponent.h">
      <Filter>Engine\Tilemaps</Filter>
    </ClInclude>
    <ClInclude Include="Engine\Tilemaps\TileRender.h">
      <Filter>Engine\Tilemaps</Filter>
    </ClInclude>
    <ClInclude Include="Engine\Tilemaps\Tileset.h">
      <Filter>Engine\Tilemaps</Filter>
    </ClInclude>
    <ClInclude Include="Engine\UI\TextboxComponent.h">
      <Filter>Engine\UI</Filter>
    </ClInclude>
    <ClInclude Include="Engine\Component.h">
      <Filter>Engine</Filter>
    </ClInclude>
    <ClInclude Include="Engine\Dispatcher.h">
      <Filter>Engine</Filter>
    </ClInclude>
    <ClInclude Include="Engine\Event.h">
      <Filter>Engine</Filter>
    </ClInclude>
    <ClInclude Include="Engine\GameObject.h">
      <Filter>Engine</Filter>
    </ClInclude>
    <ClInclude Include="Engine\Input.h">
      <Filter>Engine</Filter>
    </ClInclude>
    <ClInclude Include="Engine\Object.h">
      <Filter>Engine</Filter>
    </ClInclude>
    <ClInclude Include="Engine\Resource.h">
      <Filter>Engine</Filter>
    </ClInclude>
    <ClInclude Include="Engine\Resources.h">
      <Filter>Engine</Filter>
    </ClInclude>
    <ClInclude Include="Engine\Scene.h">
      <Filter>Engine</Filter>
    </ClInclude>
    <ClInclude Include="Engine\Vector2 OLD.h">
      <Filter>Engine</Filter>
    </ClInclude>
    <ClInclude Include="Engine\AABB.h">
      <Filter>Engine</Filter>
    </ClInclude>
    <ClInclude Include="Engine\App.h">
      <Filter>Engine</Filter>
    </ClInclude>
    <ClInclude Include="Engine\Render\TilemapRenderer.h">
      <Filter>Engine\Render</Filter>
    </ClInclude>
    <ClInclude Include="Include\Components.h" />
    <ClInclude Include="Include\Core.h" />
    <ClInclude Include="Include\Render.h" />
    <ClInclude Include="Include\Tilemaps.h" />
    <ClInclude Include="Include\UI.h" />
    <ClInclude Include="Include\Audio.h" />
    <ClInclude Include="Include\All.h" />
    <ClInclude Include="Engine\Window.h">
      <Filter>Engine</Filter>
    </ClInclude>
    <ClInclude Include="WarpComponent.h">
      <Filter>Game Files</Filter>
    </ClInclude>
    <ClInclude Include="WalkComponent.h">
      <Filter>Game Files</Filter>
    </ClInclude>
    <ClInclude Include="TargetMouseComponent.h">
      <Filter>Game Files</Filter>
    </ClInclude>
    <ClInclude Include="LockComponent.h">
      <Filter>Game Files</Filter>
    </ClInclude>
    <ClInclude Include="Engine\StateMachine.h">
      <Filter>Engine</Filter>
    </ClInclude>
    <ClInclude Include="CapybaraAI.h">
      <Filter>Game Files</Filter>
    </ClInclude>
    <ClInclude Include="Engine\Vector.h">
      <Filter>Engine</Filter>
    </ClInclude>
    <ClInclude Include="Engine\Render\Renderable.h">
      <Filter>Engine\Render</Filter>
    </ClInclude>
  </ItemGroup>
  <ItemGroup>
    <None Include="Library\TiledLibrary\RapidXML\manual.html">
      <Filter>Library\TiledLibrary</Filter>
    </None>
    <None Include="packages.config" />
    <None Include="ClassDiagram.cd" />
  </ItemGroup>
</Project>